
Microsoft Visual Studio Solution File, Format Version 12.00
# Visual Studio Version 16
VisualStudioVersion = 16.0.30002.166
MinimumVisualStudioVersion = 10.0.40219.1
Project("{FAE04EC0-301F-11D3-BF4B-00C04F79EFBC}") = "KPCapture", "KPCapture.csproj", "{DD1E8818-BB60-46C5-90DC-FB42DB5D6BC4}"
EndProject
Global
	GlobalSection(SolutionConfigurationPlatforms) = preSolution
		Debug|Any CPU = Debug|Any CPU
		Debug|x64 = Debug|x64
		Release|Any CPU = Release|Any CPU
		Release|x64 = Release|x64
	EndGlobalSection
	GlobalSection(ProjectConfigurationPlatforms) = postSolution
		{DD1E8818-BB60-46C5-90DC-FB42DB5D6BC4}.Debug|Any CPU.ActiveCfg = Debug|Any CPU
		{DD1E8818-BB60-46C5-90DC-FB42DB5D6BC4}.Debug|Any CPU.Build.0 = Debug|Any CPU
		{DD1E8818-BB60-46C5-90DC-FB42DB5D6BC4}.Debug|x64.ActiveCfg = Debug|x64
		{DD1E8818-BB60-46C5-90DC-FB42DB5D6BC4}.Debug|x64.Build.0 = Debug|x64
		{DD1E8818-BB60-46C5-90DC-FB42DB5D6BC4}.Release|Any CPU.ActiveCfg = Release|Any CPU
		{DD1E8818-BB60-46C5-90DC-FB42DB5D6BC4}.Release|Any CPU.Build.0 = Release|Any CPU
		{DD1E8818-BB60-46C5-90DC-FB42DB5D6BC4}.Release|x64.ActiveCfg = Release|x64
		{DD1E8818-BB60-46C5-90DC-FB42DB5D6BC4}.Release|x64.Build.0 = Release|x64
	EndGlobalSection
	GlobalSection(SolutionProperties) = preSolution
		HideSolutionNode = FALSE
	EndGlobalSection
	GlobalSection(ExtensibilityGlobals) = postSolution
		SolutionGuid = {E6642DBD-4031-4805-954D-3D1754C7E1E5}
	EndGlobalSection
EndGlobal
